<?xml version="1.0" encoding="utf-8"?>
<Project ToolsVersion="4.0" xmlns="http://schemas.microsoft.com/developer/msbuild/2003">
  <ItemGroup>
    <Filter Include="Source Files">
      <UniqueIdentifier>{4FC737F1-C7A5-4376-A066-2A32D752A2FF}</UniqueIdentifier>
      <Extensions>cpp;c;cc;cxx;c++;cppm;ixx;def;odl;idl;hpj;bat;asm;asmx</Extensions>
    </Filter>
    <Filter Include="Header Files">
      <UniqueIdentifier>{93995380-89BD-4b04-88EB-625FBE52EBFB}</UniqueIdentifier>
      <Extensions>h;hh;hpp;hxx;h++;hm;inl;inc;ipp;xsd</Extensions>
    </Filter>
    <Filter Include="Resource Files">
      <UniqueIdentifier>{67DA6AB6-F800-4c08-8B7A-83BB121AAD01}</UniqueIdentifier>
      <Extensions>rc;ico;cur;bmp;dlg;rc2;rct;bin;rgs;gif;jpg;jpeg;jpe;resx;tiff;tif;png;wav;mfcribbon-ms</Extensions>
    </Filter>
  </ItemGroup>
  <ItemGroup>
    <ClCompile Include="AdministratorManagementForm.cpp">
      <Filter>Source Files</Filter>
    </ClCompile>
    <ClCompile Include="AdminMenu.cpp">
      <Filter>Source Files</Filter>
    </ClCompile>
    <ClCompile Include="CourseManagementForm.cpp">
      <Filter>Source Files</Filter>
    </ClCompile>
    <ClCompile Include="CourseRegistrationForm.cpp">
      <Filter>Source Files</Filter>
    </ClCompile>
    <ClCompile Include="ViewClassRoster.cpp">
      <Filter>Source Files</Filter>
    </ClCompile>
    <ClCompile Include="TranscriptGenerationForm.cpp">
      <Filter>Source Files</Filter>
    </ClCompile>
    <ClCompile Include="StudentMenu.cpp">
      <Filter>Source Files</Filter>
    </ClCompile>
    <ClCompile Include="MDIParentForm.cpp">
      <Filter>Source Files</Filter>
    </ClCompile>
    <ClCompile Include="ManageFinancialsForm.cpp">
      <Filter>Source Files</Filter>
    </ClCompile>
    <ClCompile Include="main.cpp">
      <Filter>Source Files</Filter>
    </ClCompile>
    <ClCompile Include="ProfileManagementForm.cpp">
      <Filter>Source Files</Filter>
    </ClCompile>
    <ClCompile Include="LoginForm.cpp">
      <Filter>Source Files</Filter>
    </ClCompile>
    <ClCompile Include="GradeEntryForm.cpp">
      <Filter>Source Files</Filter>
    </ClCompile>
    <ClCompile Include="FacultyManagementForm.cpp">
      <Filter>Source Files</Filter>
    </ClCompile>
    <ClCompile Include="FacultyMenu.cpp">
      <Filter>Source Files</Filter>
    </ClCompile>
    <ClCompile Include="ViewSchedule.cpp">
      <Filter>Source Files</Filter>
    </ClCompile>
    <ClCompile Include="ReportForm.cpp">
      <Filter>Source Files</Filter>
    </ClCompile>
    <ClCompile Include="StudentEnrollment.cpp">
      <Filter>Source Files</Filter>
    </ClCompile>
    <ClCompile Include="PayFeeForm1.cpp">
      <Filter>Source Files</Filter>
    </ClCompile>
  </ItemGroup>
  <ItemGroup>
    <ClInclude Include="AdministratorManagementForm.h">
      <Filter>Header Files</Filter>
    </ClInclude>
    <ClInclude Include="AdminMenu.h">
      <Filter>Header Files</Filter>
    </ClInclude>
    <ClInclude Include="CourseManagementForm.h">
      <Filter>Header Files</Filter>
    </ClInclude>
    <ClInclude Include="CourseRegistrationForm.h">
      <Filter>Header Files</Filter>
    </ClInclude>
    <ClInclude Include="ViewClassRoster.h">
      <Filter>Header Files</Filter>
    </ClInclude>
    <ClInclude Include="TranscriptGenerationForm.h">
      <Filter>Header Files</Filter>
    </ClInclude>
    <ClInclude Include="StudentMenu.h">
      <Filter>Header Files</Filter>
    </ClInclude>
    <ClInclude Include="MDIParentForm.h">
      <Filter>Header Files</Filter>
    </ClInclude>
    <ClInclude Include="ManageFinancialsForm.h">
      <Filter>Header Files</Filter>
    </ClInclude>
    <ClInclude Include="StudentGradeForm1.h">
      <Filter>Header Files</Filter>
    </ClInclude>
    <ClInclude Include="main.h">
      <Filter>Header Files</Filter>
    </ClInclude>
    <ClInclude Include="ProfileManagementForm.h">
      <Filter>Header Files</Filter>
    </ClInclude>
    <ClInclude Include="LoginForm.h">
      <Filter>Header Files</Filter>
    </ClInclude>
    <ClInclude Include="GradeEntryForm.h">
      <Filter>Header Files</Filter>
    </ClInclude>
    <ClInclude Include="FacultyManagementForm.h">
      <Filter>Header Files</Filter>
    </ClInclude>
    <ClInclude Include="FacultyMenu.h">
      <Filter>Header Files</Filter>
    </ClInclude>
    <ClInclude Include="ViewSchedule.h">
      <Filter>Header Files</Filter>
    </ClInclude>
    <ClInclude Include="ReportForm.h">
      <Filter>Header Files</Filter>
    </ClInclude>
    <ClInclude Include="StudentEnrollment.h">
      <Filter>Header Files</Filter>
    </ClInclude>
    <ClInclude Include="PayFeeForm1.h">
      <Filter>Header Files</Filter>
    </ClInclude>
  </ItemGroup>
</Project>